// !$*UTF8*$!
{
	archiveVersion = 1;
	classes = {
	};
	objectVersion = 51;
	objects = {

/* Begin PBXBuildFile section */
		1E659561EE2BFFFCAC86B76E /* Pods_FantasyIQTests.framework in Frameworks */ = {isa = PBXBuildFile; fileRef = 7512C91AB459C577E4AC2019 /* Pods_FantasyIQTests.framework */; };
		611F05BA61699089CC3F065C /* Pods_FantasyIQ.framework in Frameworks */ = {isa = PBXBuildFile; fileRef = BD41E3ECFF33B19CB6112346 /* Pods_FantasyIQ.framework */; };
		EFCD79CD233BC7E00099BBCB /* SceneDelegate.swift in Sources */ = {isa = PBXBuildFile; fileRef = EFCD79CB233BC7E00099BBCB /* SceneDelegate.swift */; };
		EFCD79CE233BC7E00099BBCB /* ContentView.swift in Sources */ = {isa = PBXBuildFile; fileRef = EFCD79CC233BC7E00099BBCB /* ContentView.swift */; };
		EFCD79D0233C09950099BBCB /* AllPlayersTableViewController.swift in Sources */ = {isa = PBXBuildFile; fileRef = EFCD79CF233C09950099BBCB /* AllPlayersTableViewController.swift */; };
		EFCD79D2233C0BCA0099BBCB /* AllPlayersTableViewCell.swift in Sources */ = {isa = PBXBuildFile; fileRef = EFCD79D1233C0BCA0099BBCB /* AllPlayersTableViewCell.swift */; };
		EFCD79D4233CE1540099BBCB /* Team.swift in Sources */ = {isa = PBXBuildFile; fileRef = EFCD79D3233CE1540099BBCB /* Team.swift */; };
		EFCD79D6233D16270099BBCB /* GoogleService-Info.plist in Resources */ = {isa = PBXBuildFile; fileRef = EFCD79D5233D16270099BBCB /* GoogleService-Info.plist */; };
		EFF425D62339694A0047A815 /* AppDelegate.swift in Sources */ = {isa = PBXBuildFile; fileRef = EFF425D52339694A0047A815 /* AppDelegate.swift */; };
		EFF425DC2339694D0047A815 /* Assets.xcassets in Resources */ = {isa = PBXBuildFile; fileRef = EFF425DB2339694D0047A815 /* Assets.xcassets */; };
		EFF425DF2339694D0047A815 /* Preview Assets.xcassets in Resources */ = {isa = PBXBuildFile; fileRef = EFF425DE2339694D0047A815 /* Preview Assets.xcassets */; };
		EFF425E22339694D0047A815 /* LaunchScreen.storyboard in Resources */ = {isa = PBXBuildFile; fileRef = EFF425E02339694D0047A815 /* LaunchScreen.storyboard */; };
		EFF425ED2339694D0047A815 /* FantasyIQTests.swift in Sources */ = {isa = PBXBuildFile; fileRef = EFF425EC2339694D0047A815 /* FantasyIQTests.swift */; };
		EFF425F82339694D0047A815 /* FantasyIQUITests.swift in Sources */ = {isa = PBXBuildFile; fileRef = EFF425F72339694D0047A815 /* FantasyIQUITests.swift */; };
		EFF42606233969700047A815 /* Main.storyboard in Resources */ = {isa = PBXBuildFile; fileRef = EFF42605233969700047A815 /* Main.storyboard */; };
		EFF4260E233991340047A815 /* Player.swift in Sources */ = {isa = PBXBuildFile; fileRef = EFF4260D233991340047A815 /* Player.swift */; };
		EFF42612233991770047A815 /* FantasyIQController.swift in Sources */ = {isa = PBXBuildFile; fileRef = EFF42611233991770047A815 /* FantasyIQController.swift */; };
		EFF42617233B3A490047A815 /* RosterTableViewCell.swift in Sources */ = {isa = PBXBuildFile; fileRef = EFF42616233B3A490047A815 /* RosterTableViewCell.swift */; };
		EFF4261A233B3B810047A815 /* RosterTableViewController.swift in Sources */ = {isa = PBXBuildFile; fileRef = EFF42619233B3B810047A815 /* RosterTableViewController.swift */; };
		EFF4261B233B3D880047A815 /* AppearanceHelper.swift in Sources */ = {isa = PBXBuildFile; fileRef = EFF4260A233983DF0047A815 /* AppearanceHelper.swift */; };
		FD480805BA7131A52008D9AF /* Pods_FantasyIQUITests.framework in Frameworks */ = {isa = PBXBuildFile; fileRef = C7BD8A285AAEA2905AE2328C /* Pods_FantasyIQUITests.framework */; };
/* End PBXBuildFile section */

/* Begin PBXContainerItemProxy section */
		EFF425E92339694D0047A815 /* PBXContainerItemProxy */ = {
			isa = PBXContainerItemProxy;
			containerPortal = EFF425CA2339694A0047A815 /* Project object */;
			proxyType = 1;
			remoteGlobalIDString = EFF425D12339694A0047A815;
			remoteInfo = FantasyIQ;
		};
		EFF425F42339694D0047A815 /* PBXContainerItemProxy */ = {
			isa = PBXContainerItemProxy;
			containerPortal = EFF425CA2339694A0047A815 /* Project object */;
			proxyType = 1;
			remoteGlobalIDString = EFF425D12339694A0047A815;
			remoteInfo = FantasyIQ;
		};
/* End PBXContainerItemProxy section */

/* Begin PBXFileReference section */
		342BA9447B53F9405FD0E38F /* Pods-FantasyIQTests.release.xcconfig */ = {isa = PBXFileReference; includeInIndex = 1; lastKnownFileType = text.xcconfig; name = "Pods-FantasyIQTests.release.xcconfig"; path = "Target Support Files/Pods-FantasyIQTests/Pods-FantasyIQTests.release.xcconfig"; sourceTree = "<group>"; };
		7512C91AB459C577E4AC2019 /* Pods_FantasyIQTests.framework */ = {isa = PBXFileReference; explicitFileType = wrapper.framework; includeInIndex = 0; path = Pods_FantasyIQTests.framework; sourceTree = BUILT_PRODUCTS_DIR; };
		94CBBE8E42F86F118ED3405D /* Pods-FantasyIQUITests.release.xcconfig */ = {isa = PBXFileReference; includeInIndex = 1; lastKnownFileType = text.xcconfig; name = "Pods-FantasyIQUITests.release.xcconfig"; path = "Target Support Files/Pods-FantasyIQUITests/Pods-FantasyIQUITests.release.xcconfig"; sourceTree = "<group>"; };
		95A4E4EBAD8681AABFCDD4F7 /* Pods-FantasyIQUITests.debug.xcconfig */ = {isa = PBXFileReference; includeInIndex = 1; lastKnownFileType = text.xcconfig; name = "Pods-FantasyIQUITests.debug.xcconfig"; path = "Target Support Files/Pods-FantasyIQUITests/Pods-FantasyIQUITests.debug.xcconfig"; sourceTree = "<group>"; };
		987D0DB5649E8DD9097C792C /* Pods-FantasyIQ.debug.xcconfig */ = {isa = PBXFileReference; includeInIndex = 1; lastKnownFileType = text.xcconfig; name = "Pods-FantasyIQ.debug.xcconfig"; path = "Target Support Files/Pods-FantasyIQ/Pods-FantasyIQ.debug.xcconfig"; sourceTree = "<group>"; };
		AF4059E10E3305B2E7A63587 /* Pods-FantasyIQ.release.xcconfig */ = {isa = PBXFileReference; includeInIndex = 1; lastKnownFileType = text.xcconfig; name = "Pods-FantasyIQ.release.xcconfig"; path = "Target Support Files/Pods-FantasyIQ/Pods-FantasyIQ.release.xcconfig"; sourceTree = "<group>"; };
		BD41E3ECFF33B19CB6112346 /* Pods_FantasyIQ.framework */ = {isa = PBXFileReference; explicitFileType = wrapper.framework; includeInIndex = 0; path = Pods_FantasyIQ.framework; sourceTree = BUILT_PRODUCTS_DIR; };
		C7BD8A285AAEA2905AE2328C /* Pods_FantasyIQUITests.framework */ = {isa = PBXFileReference; explicitFileType = wrapper.framework; includeInIndex = 0; path = Pods_FantasyIQUITests.framework; sourceTree = BUILT_PRODUCTS_DIR; };
		EFCD79CB233BC7E00099BBCB /* SceneDelegate.swift */ = {isa = PBXFileReference; fileEncoding = 4; lastKnownFileType = sourcecode.swift; path = SceneDelegate.swift; sourceTree = "<group>"; };
		EFCD79CC233BC7E00099BBCB /* ContentView.swift */ = {isa = PBXFileReference; fileEncoding = 4; lastKnownFileType = sourcecode.swift; path = ContentView.swift; sourceTree = "<group>"; };
		EFCD79CF233C09950099BBCB /* AllPlayersTableViewController.swift */ = {isa = PBXFileReference; lastKnownFileType = sourcecode.swift; path = AllPlayersTableViewController.swift; sourceTree = "<group>"; };
		EFCD79D1233C0BCA0099BBCB /* AllPlayersTableViewCell.swift */ = {isa = PBXFileReference; lastKnownFileType = sourcecode.swift; path = AllPlayersTableViewCell.swift; sourceTree = "<group>"; };
		EFCD79D3233CE1540099BBCB /* Team.swift */ = {isa = PBXFileReference; lastKnownFileType = sourcecode.swift; path = Team.swift; sourceTree = "<group>"; };
		EFCD79D5233D16270099BBCB /* GoogleService-Info.plist */ = {isa = PBXFileReference; fileEncoding = 4; lastKnownFileType = text.plist.xml; path = "GoogleService-Info.plist"; sourceTree = "<group>"; };
		EFF425D22339694A0047A815 /* FantasyIQ.app */ = {isa = PBXFileReference; explicitFileType = wrapper.application; includeInIndex = 0; path = FantasyIQ.app; sourceTree = BUILT_PRODUCTS_DIR; };
		EFF425D52339694A0047A815 /* AppDelegate.swift */ = {isa = PBXFileReference; lastKnownFileType = sourcecode.swift; path = AppDelegate.swift; sourceTree = "<group>"; };
		EFF425DB2339694D0047A815 /* Assets.xcassets */ = {isa = PBXFileReference; lastKnownFileType = folder.assetcatalog; path = Assets.xcassets; sourceTree = "<group>"; };
		EFF425DE2339694D0047A815 /* Preview Assets.xcassets */ = {isa = PBXFileReference; lastKnownFileType = folder.assetcatalog; path = "Preview Assets.xcassets"; sourceTree = "<group>"; };
		EFF425E12339694D0047A815 /* Base */ = {isa = PBXFileReference; lastKnownFileType = file.storyboard; name = Base; path = Base.lproj/LaunchScreen.storyboard; sourceTree = "<group>"; };
		EFF425E32339694D0047A815 /* Info.plist */ = {isa = PBXFileReference; lastKnownFileType = text.plist.xml; path = Info.plist; sourceTree = "<group>"; };
		EFF425E82339694D0047A815 /* FantasyIQTests.xctest */ = {isa = PBXFileReference; explicitFileType = wrapper.cfbundle; includeInIndex = 0; path = FantasyIQTests.xctest; sourceTree = BUILT_PRODUCTS_DIR; };
		EFF425EC2339694D0047A815 /* FantasyIQTests.swift */ = {isa = PBXFileReference; lastKnownFileType = sourcecode.swift; path = FantasyIQTests.swift; sourceTree = "<group>"; };
		EFF425EE2339694D0047A815 /* Info.plist */ = {isa = PBXFileReference; lastKnownFileType = text.plist.xml; path = Info.plist; sourceTree = "<group>"; };
		EFF425F32339694D0047A815 /* FantasyIQUITests.xctest */ = {isa = PBXFileReference; explicitFileType = wrapper.cfbundle; includeInIndex = 0; path = FantasyIQUITests.xctest; sourceTree = BUILT_PRODUCTS_DIR; };
		EFF425F72339694D0047A815 /* FantasyIQUITests.swift */ = {isa = PBXFileReference; lastKnownFileType = sourcecode.swift; path = FantasyIQUITests.swift; sourceTree = "<group>"; };
		EFF425F92339694D0047A815 /* Info.plist */ = {isa = PBXFileReference; lastKnownFileType = text.plist.xml; path = Info.plist; sourceTree = "<group>"; };
		EFF42605233969700047A815 /* Main.storyboard */ = {isa = PBXFileReference; lastKnownFileType = file.storyboard; path = Main.storyboard; sourceTree = "<group>"; };
		EFF4260A233983DF0047A815 /* AppearanceHelper.swift */ = {isa = PBXFileReference; lastKnownFileType = sourcecode.swift; path = AppearanceHelper.swift; sourceTree = "<group>"; };
		EFF4260D233991340047A815 /* Player.swift */ = {isa = PBXFileReference; lastKnownFileType = sourcecode.swift; path = Player.swift; sourceTree = "<group>"; };
		EFF42611233991770047A815 /* FantasyIQController.swift */ = {isa = PBXFileReference; lastKnownFileType = sourcecode.swift; path = FantasyIQController.swift; sourceTree = "<group>"; };
		EFF42616233B3A490047A815 /* RosterTableViewCell.swift */ = {isa = PBXFileReference; lastKnownFileType = sourcecode.swift; path = RosterTableViewCell.swift; sourceTree = "<group>"; };
		EFF42619233B3B810047A815 /* RosterTableViewController.swift */ = {isa = PBXFileReference; lastKnownFileType = sourcecode.swift; path = RosterTableViewController.swift; sourceTree = "<group>"; };
		FA44278D003BBB9359258889 /* Pods-FantasyIQTests.debug.xcconfig */ = {isa = PBXFileReference; includeInIndex = 1; lastKnownFileType = text.xcconfig; name = "Pods-FantasyIQTests.debug.xcconfig"; path = "Target Support Files/Pods-FantasyIQTests/Pods-FantasyIQTests.debug.xcconfig"; sourceTree = "<group>"; };
/* End PBXFileReference section */

/* Begin PBXFrameworksBuildPhase section */
		EFF425CF2339694A0047A815 /* Frameworks */ = {
			isa = PBXFrameworksBuildPhase;
			buildActionMask = 2147483647;
			files = (
				611F05BA61699089CC3F065C /* Pods_FantasyIQ.framework in Frameworks */,
			);
			runOnlyForDeploymentPostprocessing = 0;
		};
		EFF425E52339694D0047A815 /* Frameworks */ = {
			isa = PBXFrameworksBuildPhase;
			buildActionMask = 2147483647;
			files = (
				1E659561EE2BFFFCAC86B76E /* Pods_FantasyIQTests.framework in Frameworks */,
			);
			runOnlyForDeploymentPostprocessing = 0;
		};
		EFF425F02339694D0047A815 /* Frameworks */ = {
			isa = PBXFrameworksBuildPhase;
			buildActionMask = 2147483647;
			files = (
				FD480805BA7131A52008D9AF /* Pods_FantasyIQUITests.framework in Frameworks */,
			);
			runOnlyForDeploymentPostprocessing = 0;
		};
/* End PBXFrameworksBuildPhase section */

/* Begin PBXGroup section */
		1D60DCFF6DFDE7C5CB3D9E8D /* Frameworks */ = {
			isa = PBXGroup;
			children = (
				BD41E3ECFF33B19CB6112346 /* Pods_FantasyIQ.framework */,
				7512C91AB459C577E4AC2019 /* Pods_FantasyIQTests.framework */,
				C7BD8A285AAEA2905AE2328C /* Pods_FantasyIQUITests.framework */,
			);
			name = Frameworks;
			sourceTree = "<group>";
		};
		6689CD615AF95F14820D7DF1 /* Pods */ = {
			isa = PBXGroup;
			children = (
				987D0DB5649E8DD9097C792C /* Pods-FantasyIQ.debug.xcconfig */,
				AF4059E10E3305B2E7A63587 /* Pods-FantasyIQ.release.xcconfig */,
				FA44278D003BBB9359258889 /* Pods-FantasyIQTests.debug.xcconfig */,
				342BA9447B53F9405FD0E38F /* Pods-FantasyIQTests.release.xcconfig */,
				95A4E4EBAD8681AABFCDD4F7 /* Pods-FantasyIQUITests.debug.xcconfig */,
				94CBBE8E42F86F118ED3405D /* Pods-FantasyIQUITests.release.xcconfig */,
			);
			path = Pods;
			sourceTree = "<group>";
		};
		EFF425C92339694A0047A815 = {
			isa = PBXGroup;
			children = (
				EFF425D42339694A0047A815 /* FantasyIQ */,
				EFF425EB2339694D0047A815 /* FantasyIQTests */,
				EFF425F62339694D0047A815 /* FantasyIQUITests */,
				EFF425D32339694A0047A815 /* Products */,
				6689CD615AF95F14820D7DF1 /* Pods */,
				1D60DCFF6DFDE7C5CB3D9E8D /* Frameworks */,
			);
			sourceTree = "<group>";
		};
		EFF425D32339694A0047A815 /* Products */ = {
			isa = PBXGroup;
			children = (
				EFF425D22339694A0047A815 /* FantasyIQ.app */,
				EFF425E82339694D0047A815 /* FantasyIQTests.xctest */,
				EFF425F32339694D0047A815 /* FantasyIQUITests.xctest */,
			);
			name = Products;
			sourceTree = "<group>";
		};
		EFF425D42339694A0047A815 /* FantasyIQ */ = {
			isa = PBXGroup;
			children = (
				EFF425D52339694A0047A815 /* AppDelegate.swift */,
				EFF4260A233983DF0047A815 /* AppearanceHelper.swift */,
				EFF42610233991580047A815 /* ModelControllers */,
				EFF4260F2339913B0047A815 /* Models */,
				EFF42618233B3A4F0047A815 /* Views */,
				EFF42615233B39810047A815 /* ViewControllers */,
				EFF425DB2339694D0047A815 /* Assets.xcassets */,
				EFF425E02339694D0047A815 /* LaunchScreen.storyboard */,
				EFF42605233969700047A815 /* Main.storyboard */,
				EFCD79CC233BC7E00099BBCB /* ContentView.swift */,
				EFCD79CB233BC7E00099BBCB /* SceneDelegate.swift */,
				EFF425E32339694D0047A815 /* Info.plist */,
				EFCD79D5233D16270099BBCB /* GoogleService-Info.plist */,
				EFF425DD2339694D0047A815 /* Preview Content */,
			);
			path = FantasyIQ;
			sourceTree = "<group>";
		};
		EFF425DD2339694D0047A815 /* Preview Content */ = {
			isa = PBXGroup;
			children = (
				EFF425DE2339694D0047A815 /* Preview Assets.xcassets */,
			);
			path = "Preview Content";
			sourceTree = "<group>";
		};
		EFF425EB2339694D0047A815 /* FantasyIQTests */ = {
			isa = PBXGroup;
			children = (
				EFF425EC2339694D0047A815 /* FantasyIQTests.swift */,
				EFF425EE2339694D0047A815 /* Info.plist */,
			);
			path = FantasyIQTests;
			sourceTree = "<group>";
		};
		EFF425F62339694D0047A815 /* FantasyIQUITests */ = {
			isa = PBXGroup;
			children = (
				EFF425F72339694D0047A815 /* FantasyIQUITests.swift */,
				EFF425F92339694D0047A815 /* Info.plist */,
			);
			path = FantasyIQUITests;
			sourceTree = "<group>";
		};
		EFF4260F2339913B0047A815 /* Models */ = {
			isa = PBXGroup;
			children = (
				EFF4260D233991340047A815 /* Player.swift */,
				EFCD79D3233CE1540099BBCB /* Team.swift */,
			);
			path = Models;
			sourceTree = "<group>";
		};
		EFF42610233991580047A815 /* ModelControllers */ = {
			isa = PBXGroup;
			children = (
				EFF42611233991770047A815 /* FantasyIQController.swift */,
			);
			path = ModelControllers;
			sourceTree = "<group>";
		};
		EFF42615233B39810047A815 /* ViewControllers */ = {
			isa = PBXGroup;
			children = (
				EFCD79CF233C09950099BBCB /* AllPlayersTableViewController.swift */,
				EFF42619233B3B810047A815 /* RosterTableViewController.swift */,
			);
			path = ViewControllers;
			sourceTree = "<group>";
		};
		EFF42618233B3A4F0047A815 /* Views */ = {
			isa = PBXGroup;
			children = (
				EFF42616233B3A490047A815 /* RosterTableViewCell.swift */,
				EFCD79D1233C0BCA0099BBCB /* AllPlayersTableViewCell.swift */,
			);
			path = Views;
			sourceTree = "<group>";
		};
/* End PBXGroup section */

/* Begin PBXNativeTarget section */
		EFF425D12339694A0047A815 /* FantasyIQ */ = {
			isa = PBXNativeTarget;
			buildConfigurationList = EFF425FC2339694D0047A815 /* Build configuration list for PBXNativeTarget "FantasyIQ" */;
			buildPhases = (
				E6A4135523C7AF703EE45ADD /* [CP] Check Pods Manifest.lock */,
				EFF425CE2339694A0047A815 /* Sources */,
				EFF425CF2339694A0047A815 /* Frameworks */,
				EFF425D02339694A0047A815 /* Resources */,
				3ED75EE0567A738E3C7DAEED /* [CP] Embed Pods Frameworks */,
			);
			buildRules = (
			);
			dependencies = (
			);
			name = FantasyIQ;
			productName = FantasyIQ;
			productReference = EFF425D22339694A0047A815 /* FantasyIQ.app */;
			productType = "com.apple.product-type.application";
		};
		EFF425E72339694D0047A815 /* FantasyIQTests */ = {
			isa = PBXNativeTarget;
			buildConfigurationList = EFF425FF2339694D0047A815 /* Build configuration list for PBXNativeTarget "FantasyIQTests" */;
			buildPhases = (
				5F6053827C098FC728F4D09F /* [CP] Check Pods Manifest.lock */,
				EFF425E42339694D0047A815 /* Sources */,
				EFF425E52339694D0047A815 /* Frameworks */,
				EFF425E62339694D0047A815 /* Resources */,
			);
			buildRules = (
			);
			dependencies = (
				EFF425EA2339694D0047A815 /* PBXTargetDependency */,
			);
			name = FantasyIQTests;
			productName = FantasyIQTests;
			productReference = EFF425E82339694D0047A815 /* FantasyIQTests.xctest */;
			productType = "com.apple.product-type.bundle.unit-test";
		};
		EFF425F22339694D0047A815 /* FantasyIQUITests */ = {
			isa = PBXNativeTarget;
			buildConfigurationList = EFF426022339694D0047A815 /* Build configuration list for PBXNativeTarget "FantasyIQUITests" */;
			buildPhases = (
				852F87DFD286F4A48DD19ACD /* [CP] Check Pods Manifest.lock */,
				EFF425EF2339694D0047A815 /* Sources */,
				EFF425F02339694D0047A815 /* Frameworks */,
				EFF425F12339694D0047A815 /* Resources */,
			);
			buildRules = (
			);
			dependencies = (
				EFF425F52339694D0047A815 /* PBXTargetDependency */,
			);
			name = FantasyIQUITests;
			productName = FantasyIQUITests;
			productReference = EFF425F32339694D0047A815 /* FantasyIQUITests.xctest */;
			productType = "com.apple.product-type.bundle.ui-testing";
		};
/* End PBXNativeTarget section */

/* Begin PBXProject section */
		EFF425CA2339694A0047A815 /* Project object */ = {
			isa = PBXProject;
			attributes = {
				LastSwiftUpdateCheck = 1100;
				LastUpgradeCheck = 1100;
				ORGANIZATIONNAME = "Luqmaan Khan";
				TargetAttributes = {
					EFF425D12339694A0047A815 = {
						CreatedOnToolsVersion = 11.0;
					};
					EFF425E72339694D0047A815 = {
						CreatedOnToolsVersion = 11.0;
						TestTargetID = EFF425D12339694A0047A815;
					};
					EFF425F22339694D0047A815 = {
						CreatedOnToolsVersion = 11.0;
						TestTargetID = EFF425D12339694A0047A815;
					};
				};
			};
			buildConfigurationList = EFF425CD2339694A0047A815 /* Build configuration list for PBXProject "FantasyIQ" */;
			compatibilityVersion = "Xcode 9.3";
			developmentRegion = en;
			hasScannedForEncodings = 0;
			knownRegions = (
				en,
				Base,
			);
			mainGroup = EFF425C92339694A0047A815;
			productRefGroup = EFF425D32339694A0047A815 /* Products */;
			projectDirPath = "";
			projectRoot = "";
			targets = (
				EFF425D12339694A0047A815 /* FantasyIQ */,
				EFF425E72339694D0047A815 /* FantasyIQTests */,
				EFF425F22339694D0047A815 /* FantasyIQUITests */,
			);
		};
/* End PBXProject section */

/* Begin PBXResourcesBuildPhase section */
		EFF425D02339694A0047A815 /* Resources */ = {
			isa = PBXResourcesBuildPhase;
			buildActionMask = 2147483647;
			files = (
				EFCD79D6233D16270099BBCB /* GoogleService-Info.plist in Resources */,
				EFF425E22339694D0047A815 /* LaunchScreen.storyboard in Resources */,
				EFF425DF2339694D0047A815 /* Preview Assets.xcassets in Resources */,
				EFF425DC2339694D0047A815 /* Assets.xcassets in Resources */,
				EFF42606233969700047A815 /* Main.storyboard in Resources */,
			);
			runOnlyForDeploymentPostprocessing = 0;
		};
		EFF425E62339694D0047A815 /* Resources */ = {
			isa = PBXResourcesBuildPhase;
			buildActionMask = 2147483647;
			files = (
			);
			runOnlyForDeploymentPostprocessing = 0;
		};
		EFF425F12339694D0047A815 /* Resources */ = {
			isa = PBXResourcesBuildPhase;
			buildActionMask = 2147483647;
			files = (
			);
			runOnlyForDeploymentPostprocessing = 0;
		};
/* End PBXResourcesBuildPhase section */

/* Begin PBXShellScriptBuildPhase section */
		3ED75EE0567A738E3C7DAEED /* [CP] Embed Pods Frameworks */ = {
			isa = PBXShellScriptBuildPhase;
			buildActionMask = 2147483647;
			files = (
			);
			inputFileListPaths = (
				"${PODS_ROOT}/Target Support Files/Pods-FantasyIQ/Pods-FantasyIQ-frameworks-${CONFIGURATION}-input-files.xcfilelist",
			);
			name = "[CP] Embed Pods Frameworks";
			outputFileListPaths = (
				"${PODS_ROOT}/Target Support Files/Pods-FantasyIQ/Pods-FantasyIQ-frameworks-${CONFIGURATION}-output-files.xcfilelist",
			);
			runOnlyForDeploymentPostprocessing = 0;
			shellPath = /bin/sh;
			shellScript = "\"${PODS_ROOT}/Target Support Files/Pods-FantasyIQ/Pods-FantasyIQ-frameworks.sh\"\n";
			showEnvVarsInLog = 0;
		};
		5F6053827C098FC728F4D09F /* [CP] Check Pods Manifest.lock */ = {
			isa = PBXShellScriptBuildPhase;
			buildActionMask = 2147483647;
			files = (
			);
			inputFileListPaths = (
			);
			inputPaths = (
				"${PODS_PODFILE_DIR_PATH}/Podfile.lock",
				"${PODS_ROOT}/Manifest.lock",
			);
			name = "[CP] Check Pods Manifest.lock";
			outputFileListPaths = (
			);
			outputPaths = (
				"$(DERIVED_FILE_DIR)/Pods-FantasyIQTests-checkManifestLockResult.txt",
			);
			runOnlyForDeploymentPostprocessing = 0;
			shellPath = /bin/sh;
			shellScript = "diff \"${PODS_PODFILE_DIR_PATH}/Podfile.lock\" \"${PODS_ROOT}/Manifest.lock\" > /dev/null\nif [ $? != 0 ] ; then\n    # print error to STDERR\n    echo \"error: The sandbox is not in sync with the Podfile.lock. Run 'pod install' or update your CocoaPods installation.\" >&2\n    exit 1\nfi\n# This output is used by Xcode 'outputs' to avoid re-running this script phase.\necho \"SUCCESS\" > \"${SCRIPT_OUTPUT_FILE_0}\"\n";
			showEnvVarsInLog = 0;
		};
		852F87DFD286F4A48DD19ACD /* [CP] Check Pods Manifest.lock */ = {
			isa = PBXShellScriptBuildPhase;
			buildActionMask = 2147483647;
			files = (
			);
			inputFileListPaths = (
			);
			inputPaths = (
				"${PODS_PODFILE_DIR_PATH}/Podfile.lock",
				"${PODS_ROOT}/Manifest.lock",
			);
			name = "[CP] Check Pods Manifest.lock";
			outputFileListPaths = (
			);
			outputPaths = (
				"$(DERIVED_FILE_DIR)/Pods-FantasyIQUITests-checkManifestLockResult.txt",
			);
			runOnlyForDeploymentPostprocessing = 0;
			shellPath = /bin/sh;
			shellScript = "diff \"${PODS_PODFILE_DIR_PATH}/Podfile.lock\" \"${PODS_ROOT}/Manifest.lock\" > /dev/null\nif [ $? != 0 ] ; then\n    # print error to STDERR\n    echo \"error: The sandbox is not in sync with the Podfile.lock. Run 'pod install' or update your CocoaPods installation.\" >&2\n    exit 1\nfi\n# This output is used by Xcode 'outputs' to avoid re-running this script phase.\necho \"SUCCESS\" > \"${SCRIPT_OUTPUT_FILE_0}\"\n";
			showEnvVarsInLog = 0;
		};
		E6A4135523C7AF703EE45ADD /* [CP] Check Pods Manifest.lock */ = {
			isa = PBXShellScriptBuildPhase;
			buildActionMask = 2147483647;
			files = (
			);
			inputFileListPaths = (
			);
			inputPaths = (
				"${PODS_PODFILE_DIR_PATH}/Podfile.lock",
				"${PODS_ROOT}/Manifest.lock",
			);
			name = "[CP] Check Pods Manifest.lock";
			outputFileListPaths = (
			);
			outputPaths = (
				"$(DERIVED_FILE_DIR)/Pods-FantasyIQ-checkManifestLockResult.txt",
			);
			runOnlyForDeploymentPostprocessing = 0;
			shellPath = /bin/sh;
			shellScript = "diff \"${PODS_PODFILE_DIR_PATH}/Podfile.lock\" \"${PODS_ROOT}/Manifest.lock\" > /dev/null\nif [ $? != 0 ] ; then\n    # print error to STDERR\n    echo \"error: The sandbox is not in sync with the Podfile.lock. Run 'pod install' or update your CocoaPods installation.\" >&2\n    exit 1\nfi\n# This output is used by Xcode 'outputs' to avoid re-running this script phase.\necho \"SUCCESS\" > \"${SCRIPT_OUTPUT_FILE_0}\"\n";
			showEnvVarsInLog = 0;
		};
/* End PBXShellScriptBuildPhase section */

/* Begin PBXSourcesBuildPhase section */
		EFF425CE2339694A0047A815 /* Sources */ = {
			isa = PBXSourcesBuildPhase;
			buildActionMask = 2147483647;
			files = (
				EFCD79D0233C09950099BBCB /* AllPlayersTableViewController.swift in Sources */,
				EFF425D62339694A0047A815 /* AppDelegate.swift in Sources */,
				EFCD79CD233BC7E00099BBCB /* SceneDelegate.swift in Sources */,
				EFCD79CE233BC7E00099BBCB /* ContentView.swift in Sources */,
				EFCD79D2233C0BCA0099BBCB /* AllPlayersTableViewCell.swift in Sources */,
				EFF4261B233B3D880047A815 /* AppearanceHelper.swift in Sources */,
				EFF42612233991770047A815 /* FantasyIQController.swift in Sources */,
				EFF4260E233991340047A815 /* Player.swift in Sources */,
				EFCD79D4233CE1540099BBCB /* Team.swift in Sources */,
				EFF42617233B3A490047A815 /* RosterTableViewCell.swift in Sources */,
				EFF4261A233B3B810047A815 /* RosterTableViewController.swift in Sources */,
			);
			runOnlyForDeploymentPostprocessing = 0;
		};
		EFF425E42339694D0047A815 /* Sources */ = {
			isa = PBXSourcesBuildPhase;
			buildActionMask = 2147483647;
			files = (
				EFF425ED2339694D0047A815 /* FantasyIQTests.swift in Sources */,
			);
			runOnlyForDeploymentPostprocessing = 0;
		};
		EFF425EF2339694D0047A815 /* Sources */ = {
			isa = PBXSourcesBuildPhase;
			buildActionMask = 2147483647;
			files = (
				EFF425F82339694D0047A815 /* FantasyIQUITests.swift in Sources */,
			);
			runOnlyForDeploymentPostprocessing = 0;
		};
/* End PBXSourcesBuildPhase section */

/* Begin PBXTargetDependency section */
		EFF425EA2339694D0047A815 /* PBXTargetDependency */ = {
			isa = PBXTargetDependency;
			target = EFF425D12339694A0047A815 /* FantasyIQ */;
			targetProxy = EFF425E92339694D0047A815 /* PBXContainerItemProxy */;
		};
		EFF425F52339694D0047A815 /* PBXTargetDependency */ = {
			isa = PBXTargetDependency;
			target = EFF425D12339694A0047A815 /* FantasyIQ */;
			targetProxy = EFF425F42339694D0047A815 /* PBXContainerItemProxy */;
		};
/* End PBXTargetDependency section */

/* Begin PBXVariantGroup section */
		EFF425E02339694D0047A815 /* LaunchScreen.storyboard */ = {
			isa = PBXVariantGroup;
			children = (
				EFF425E12339694D0047A815 /* Base */,
			);
			name = LaunchScreen.storyboard;
			sourceTree = "<group>";
		};
/* End PBXVariantGroup section */

/* Begin XCBuildConfiguration section */
		EFF425FA2339694D0047A815 /* Debug */ = {
			isa = XCBuildConfiguration;
			buildSettings = {
				ALWAYS_SEARCH_USER_PATHS = NO;
				CLANG_ANALYZER_NONNULL = YES;
				CLANG_ANALYZER_NUMBER_OBJECT_CONVERSION = YES_AGGRESSIVE;
				CLANG_CXX_LANGUAGE_STANDARD = "gnu++14";
				CLANG_CXX_LIBRARY = "libc++";
				CLANG_ENABLE_MODULES = YES;
				CLANG_ENABLE_OBJC_ARC = YES;
				CLANG_ENABLE_OBJC_WEAK = YES;
				CLANG_WARN_BLOCK_CAPTURE_AUTORELEASING = YES;
				CLANG_WARN_BOOL_CONVERSION = YES;
				CLANG_WARN_COMMA = YES;
				CLANG_WARN_CONSTANT_CONVERSION = YES;
				CLANG_WARN_DEPRECATED_OBJC_IMPLEMENTATIONS = YES;
				CLANG_WARN_DIRECT_OBJC_ISA_USAGE = YES_ERROR;
				CLANG_WARN_DOCUMENTATION_COMMENTS = YES;
				CLANG_WARN_EMPTY_BODY = YES;
				CLANG_WARN_ENUM_CONVERSION = YES;
				CLANG_WARN_INFINITE_RECURSION = YES;
				CLANG_WARN_INT_CONVERSION = YES;
				CLANG_WARN_NON_LITERAL_NULL_CONVERSION = YES;
				CLANG_WARN_OBJC_IMPLICIT_RETAIN_SELF = YES;
				CLANG_WARN_OBJC_LITERAL_CONVERSION = YES;
				CLANG_WARN_OBJC_ROOT_CLASS = YES_ERROR;
				CLANG_WARN_RANGE_LOOP_ANALYSIS = YES;
				CLANG_WARN_STRICT_PROTOTYPES = YES;
				CLANG_WARN_SUSPICIOUS_MOVE = YES;
				CLANG_WARN_UNGUARDED_AVAILABILITY = YES_AGGRESSIVE;
				CLANG_WARN_UNREACHABLE_CODE = YES;
				CLANG_WARN__DUPLICATE_METHOD_MATCH = YES;
				COPY_PHASE_STRIP = NO;
				DEBUG_INFORMATION_FORMAT = dwarf;
				ENABLE_STRICT_OBJC_MSGSEND = YES;
				ENABLE_TESTABILITY = YES;
				GCC_C_LANGUAGE_STANDARD = gnu11;
				GCC_DYNAMIC_NO_PIC = NO;
				GCC_NO_COMMON_BLOCKS = YES;
				GCC_OPTIMIZATION_LEVEL = 0;
				GCC_PREPROCESSOR_DEFINITIONS = (
					"DEBUG=1",
					"$(inherited)",
				);
				GCC_WARN_64_TO_32_BIT_CONVERSION = YES;
				GCC_WARN_ABOUT_RETURN_TYPE = YES_ERROR;
				GCC_WARN_UNDECLARED_SELECTOR = YES;
				GCC_WARN_UNINITIALIZED_AUTOS = YES_AGGRESSIVE;
				GCC_WARN_UNUSED_FUNCTION = YES;
				GCC_WARN_UNUSED_VARIABLE = YES;
				IPHONEOS_DEPLOYMENT_TARGET = 13.0;
				MTL_ENABLE_DEBUG_INFO = INCLUDE_SOURCE;
				MTL_FAST_MATH = YES;
				ONLY_ACTIVE_ARCH = YES;
				SDKROOT = iphoneos;
				SWIFT_ACTIVE_COMPILATION_CONDITIONS = DEBUG;
				SWIFT_OPTIMIZATION_LEVEL = "-Onone";
			};
			name = Debug;
		};
		EFF425FB2339694D0047A815 /* Release */ = {
			isa = XCBuildConfiguration;
			buildSettings = {
				ALWAYS_SEARCH_USER_PATHS = NO;
				CLANG_ANALYZER_NONNULL = YES;
				CLANG_ANALYZER_NUMBER_OBJECT_CONVERSION = YES_AGGRESSIVE;
				CLANG_CXX_LANGUAGE_STANDARD = "gnu++14";
				CLANG_CXX_LIBRARY = "libc++";
				CLANG_ENABLE_MODULES = YES;
				CLANG_ENABLE_OBJC_ARC = YES;
				CLANG_ENABLE_OBJC_WEAK = YES;
				CLANG_WARN_BLOCK_CAPTURE_AUTORELEASING = YES;
				CLANG_WARN_BOOL_CONVERSION = YES;
				CLANG_WARN_COMMA = YES;
				CLANG_WARN_CONSTANT_CONVERSION = YES;
				CLANG_WARN_DEPRECATED_OBJC_IMPLEMENTATIONS = YES;
				CLANG_WARN_DIRECT_OBJC_ISA_USAGE = YES_ERROR;
				CLANG_WARN_DOCUMENTATION_COMMENTS = YES;
				CLANG_WARN_EMPTY_BODY = YES;
				CLANG_WARN_ENUM_CONVERSION = YES;
				CLANG_WARN_INFINITE_RECURSION = YES;
				CLANG_WARN_INT_CONVERSION = YES;
				CLANG_WARN_NON_LITERAL_NULL_CONVERSION = YES;
				CLANG_WARN_OBJC_IMPLICIT_RETAIN_SELF = YES;
				CLANG_WARN_OBJC_LITERAL_CONVERSION = YES;
				CLANG_WARN_OBJC_ROOT_CLASS = YES_ERROR;
				CLANG_WARN_RANGE_LOOP_ANALYSIS = YES;
				CLANG_WARN_STRICT_PROTOTYPES = YES;
				CLANG_WARN_SUSPICIOUS_MOVE = YES;
				CLANG_WARN_UNGUARDED_AVAILABILITY = YES_AGGRESSIVE;
				CLANG_WARN_UNREACHABLE_CODE = YES;
				CLANG_WARN__DUPLICATE_METHOD_MATCH = YES;
				COPY_PHASE_STRIP = NO;
				DEBUG_INFORMATION_FORMAT = "dwarf-with-dsym";
				ENABLE_NS_ASSERTIONS = NO;
				ENABLE_STRICT_OBJC_MSGSEND = YES;
				GCC_C_LANGUAGE_STANDARD = gnu11;
				GCC_NO_COMMON_BLOCKS = YES;
				GCC_WARN_64_TO_32_BIT_CONVERSION = YES;
				GCC_WARN_ABOUT_RETURN_TYPE = YES_ERROR;
				GCC_WARN_UNDECLARED_SELECTOR = YES;
				GCC_WARN_UNINITIALIZED_AUTOS = YES_AGGRESSIVE;
				GCC_WARN_UNUSED_FUNCTION = YES;
				GCC_WARN_UNUSED_VARIABLE = YES;
				IPHONEOS_DEPLOYMENT_TARGET = 13.0;
				MTL_ENABLE_DEBUG_INFO = NO;
				MTL_FAST_MATH = YES;
				SDKROOT = iphoneos;
				SWIFT_COMPILATION_MODE = wholemodule;
				SWIFT_OPTIMIZATION_LEVEL = "-O";
				VALIDATE_PRODUCT = YES;
			};
			name = Release;
		};
		EFF425FD2339694D0047A815 /* Debug */ = {
			isa = XCBuildConfiguration;
			baseConfigurationReference = 987D0DB5649E8DD9097C792C /* Pods-FantasyIQ.debug.xcconfig */;
			buildSettings = {
				ASSETCATALOG_COMPILER_APPICON_NAME = AppIcon;
				CODE_SIGN_STYLE = Automatic;
				DEVELOPMENT_ASSET_PATHS = "\"FantasyIQ/Preview Content\"";
				DEVELOPMENT_TEAM = VXUQXR6S56;
				ENABLE_PREVIEWS = YES;
				INFOPLIST_FILE = FantasyIQ/Info.plist;
				LD_RUNPATH_SEARCH_PATHS = (
					"$(inherited)",
					"@executable_path/Frameworks",
				);
				PRODUCT_BUNDLE_IDENTIFIER = com.luqmaankhan.FantasyIQ;
				PRODUCT_NAME = "$(TARGET_NAME)";
				SWIFT_VERSION = 5.0;
				TARGETED_DEVICE_FAMILY = "1,2";
			};
			name = Debug;
		};
		EFF425FE2339694D0047A815 /* Release */ = {
			isa = XCBuildConfiguration;
			baseConfigurationReference = AF4059E10E3305B2E7A63587 /* Pods-FantasyIQ.release.xcconfig */;
			buildSettings = {
				ASSETCATALOG_COMPILER_APPICON_NAME = AppIcon;
				CODE_SIGN_STYLE = Automatic;
				DEVELOPMENT_ASSET_PATHS = "\"FantasyIQ/Preview Content\"";
				DEVELOPMENT_TEAM = VXUQXR6S56;
				ENABLE_PREVIEWS = YES;
				INFOPLIST_FILE = FantasyIQ/Info.plist;
				LD_RUNPATH_SEARCH_PATHS = (
					"$(inherited)",
					"@executable_path/Frameworks",
				);
				PRODUCT_BUNDLE_IDENTIFIER = com.luqmaankhan.FantasyIQ;
				PRODUCT_NAME = "$(TARGET_NAME)";
				SWIFT_VERSION = 5.0;
				TARGETED_DEVICE_FAMILY = "1,2";
			};
			name = Release;
		};
		EFF426002339694D0047A815 /* Debug */ = {
			isa = XCBuildConfiguration;
			baseConfigurationReference = FA44278D003BBB9359258889 /* Pods-FantasyIQTests.debug.xcconfig */;
			buildSettings = {
				ALWAYS_EMBED_SWIFT_STANDARD_LIBRARIES = YES;
				BUNDLE_LOADER = "$(TEST_HOST)";
				CODE_SIGN_STYLE = Automatic;
				DEVELOPMENT_TEAM = VXUQXR6S56;
				INFOPLIST_FILE = FantasyIQTests/Info.plist;
				IPHONEOS_DEPLOYMENT_TARGET = 13.0;
				LD_RUNPATH_SEARCH_PATHS = (
					"$(inherited)",
					"@executable_path/Frameworks",
					"@loader_path/Frameworks",
				);
				PRODUCT_BUNDLE_IDENTIFIER = com.luqmaankhan.FantasyIQTests;
				PRODUCT_NAME = "$(TARGET_NAME)";
				SWIFT_VERSION = 5.0;
				TARGETED_DEVICE_FAMILY = "1,2";
				TEST_HOST = "$(BUILT_PRODUCTS_DIR)/FantasyIQ.app/FantasyIQ";
			};
			name = Debug;
		};
		EFF426012339694D0047A815 /* Release */ = {
			isa = XCBuildConfiguration;
			baseConfigurationReference = 342BA9447B53F9405FD0E38F /* Pods-FantasyIQTests.release.xcconfig */;
			buildSettings = {
				ALWAYS_EMBED_SWIFT_STANDARD_LIBRARIES = YES;
				BUNDLE_LOADER = "$(TEST_HOST)";
				CODE_SIGN_STYLE = Automatic;
				DEVELOPMENT_TEAM = VXUQXR6S56;
				INFOPLIST_FILE = FantasyIQTests/Info.plist;
				IPHONEOS_DEPLOYMENT_TARGET = 13.0;
				LD_RUNPATH_SEARCH_PATHS = (
					"$(inherited)",
					"@executable_path/Frameworks",
					"@loader_path/Frameworks",
				);
				PRODUCT_BUNDLE_IDENTIFIER = com.luqmaankhan.FantasyIQTests;
				PRODUCT_NAME = "$(TARGET_NAME)";
				SWIFT_VERSION = 5.0;
				TARGETED_DEVICE_FAMILY = "1,2";
				TEST_HOST = "$(BUILT_PRODUCTS_DIR)/FantasyIQ.app/FantasyIQ";
			};
			name = Release;
		};
		EFF426032339694D0047A815 /* Debug */ = {
			isa = XCBuildConfiguration;
			baseConfigurationReference = 95A4E4EBAD8681AABFCDD4F7 /* Pods-FantasyIQUITests.debug.xcconfig */;
			buildSettings = {
				ALWAYS_EMBED_SWIFT_STANDARD_LIBRARIES = YES;
				CODE_SIGN_STYLE = Automatic;
				DEVELOPMENT_TEAM = VXUQXR6S56;
				INFOPLIST_FILE = FantasyIQUITests/Info.plist;
				LD_RUNPATH_SEARCH_PATHS = (
					"$(inherited)",
					"@executable_path/Frameworks",
					"@loader_path/Frameworks",
				);
				PRODUCT_BUNDLE_IDENTIFIER = com.luqmaankhan.FantasyIQUITests;
				PRODUCT_NAME = "$(TARGET_NAME)";
				SWIFT_VERSION = 5.0;
				TARGETED_DEVICE_FAMILY = "1,2";
				TEST_TARGET_NAME = FantasyIQ;
			};
			name = Debug;
		};
		EFF426042339694D0047A815 /* Release */ = {
			isa = XCBuildConfiguration;
			baseConfigurationReference = 94CBBE8E42F86F118ED3405D /* Pods-FantasyIQUITests.release.xcconfig */;
			buildSettings = {
				ALWAYS_EMBED_SWIFT_STANDARD_LIBRARIES = YES;
				CODE_SIGN_STYLE = Automatic;
				DEVELOPMENT_TEAM = VXUQXR6S56;
				INFOPLIST_FILE = FantasyIQUITests/Info.plist;
				LD_RUNPATH_SEARCH_PATHS = (
					"$(inherited)",
					"@executable_path/Frameworks",
					"@loader_path/Frameworks",
				);
				PRODUCT_BUNDLE_IDENTIFIER = com.luqmaankhan.FantasyIQUITests;
				PRODUCT_NAME = "$(TARGET_NAME)";
				SWIFT_VERSION = 5.0;
				TARGETED_DEVICE_FAMILY = "1,2";
				TEST_TARGET_NAME = FantasyIQ;
			};
			name = Release;
		};
/* End XCBuildConfiguration section */

/* Begin XCConfigurationList section */
		EFF425CD2339694A0047A815 /* Build configuration list for PBXProject "FantasyIQ" */ = {
			isa = XCConfigurationList;
			buildConfigurations = (
				EFF425FA2339694D0047A815 /* Debug */,
				EFF425FB2339694D0047A815 /* Release */,
			);
			defaultConfigurationIsVisible = 0;
			defaultConfigurationName = Release;
		};
		EFF425FC2339694D0047A815 /* Build configuration list for PBXNativeTarget "FantasyIQ" */ = {
			isa = XCConfigurationList;
			buildConfigurations = (
				EFF425FD2339694D0047A815 /* Debug */,
				EFF425FE2339694D0047A815 /* Release */,
			);
			defaultConfigurationIsVisible = 0;
			defaultConfigurationName = Release;
		};
		EFF425FF2339694D0047A815 /* Build configuration list for PBXNativeTarget "FantasyIQTests" */ = {
			isa = XCConfigurationList;
			buildConfigurations = (
				EFF426002339694D0047A815 /* Debug */,
				EFF426012339694D0047A815 /* Release */,
			);
			defaultConfigurationIsVisible = 0;
			defaultConfigurationName = Release;
		};
		EFF426022339694D0047A815 /* Build configuration list for PBXNativeTarget "FantasyIQUITests" */ = {
			isa = XCConfigurationList;
			buildConfigurations = (
				EFF426032339694D0047A815 /* Debug */,
				EFF426042339694D0047A815 /* Release */,
			);
			defaultConfigurationIsVisible = 0;
			defaultConfigurationName = Release;
		};
/* End XCConfigurationList section */
	};
	rootObject = EFF425CA2339694A0047A815 /* Project object */;
}
